gnalloy.org/codec-compression v0.0.0-20260831155050-e50fc657ce98 h1:Hilym9O+lbWeRljPkltt4qPTVuvpHJ8AnPEnJbxDItw=
gnalloy.org/codec-compression v0.0.0-20260831155050-e50fc657ce98/go.mod h1:Y5Bk5clhC0i3lilHSjH1bxmc0Ls7fRqSvYf5mV0PXUw=
gnalloy.org/codec-http1 v0.0.0-20260902200338-e9f47761293e h1:J8ENpDBMjzht6e6aUCEymOQAcMMoLcwZHxbZVLc3q/g=
gnalloy.org/codec-http1 v0.0.0-20260902200338-e9f47761293e/go.mod h1:3P7UGfCb5nkrdaL7KTdRN5yf4LCZBxBXUjntNmD2Ww4=
gnalloy.org/gnalloy v0.0.0-20260831153720-533bb39b2ad6 h1:YtIsp2u+paX8W0rCuIP71AUtjIC82OAXa0FVF8loNbk=
gnalloy.org/gnalloy v0.0.0-20260831153720-533bb39b2ad6/go.mod h1:Ahsh3ZG90dkm5gswMrAd+UYKeCXvFwY7pENPtNKJsuA=
gnalloy.org/handler-timeout v0.0.0-20260831155259-bee37c83cfa5 h1:JhONbLEQvE7fsxhbCGr/acR0OzF0CE7/ZJcEwL/0V5g=
gnalloy.org/handler-timeout v0.0.0-20260831155259-bee37c83cfa5/go.mod h1:1oL+FNI+0hcoip5BlEadaeAFVGy9wuPEoWFLof2MVTc=
golang.org/x/sys v0.47.0 h1:o7XGOvZQCADBQQ4Y7VNq2dRWQR7JmOUW8Kxx4ZsNgWs=
golang.org/x/sys v0.47.0/go.mod h1:4GL1E5IUh+htKOUEOaiffhrAeqysfVGipDYzABqnCmw=
